schema: '2.0'
stages:
  data_ingestion:
    cmd: python src/cnnClassifier/pipeline/stage_01_data_ingestion.py
    deps:
    - path: config/config.yaml
      hash: md5
      md5: e0bd9edaeaf27be9e230ad435bf48835
      size: 585
    - path: src/cnnClassifier/pipeline/stage_01_data_ingestion.py
      hash: md5
      md5: 6e11d27789cd4f055a4a0943965aaa54
      size: 914
    outs:
    - path: artifacts/data_ingestion/Data
      hash: md5
      md5: 023519a46a87fa60e6cae098ef8bf522.dir
      size: 53567928
      nfiles: 540
  prepare_base_model:
    cmd: python src/cnnClassifier/pipeline/stage_02_prepare_base_model.py
    deps:
    - path: config/config.yaml
      hash: md5
      md5: e0bd9edaeaf27be9e230ad435bf48835
      size: 585
    - path: src/cnnClassifier/pipeline/stage_02_prepare_base_model.py
      hash: md5
      md5: 1cedfb450f2a5d62ba482541e07dde6c
      size: 997
    params:
      params.yaml:
        CLASSES: 2
        IMAGE_SIZE:
        - 224
        - 224
        - 3
        INCLUDE_TOP: false
        LEARNING_RATE: 0.02
        WEIGHTS: imagenet
    outs:
    - path: artifacts/prepare_base_model
      hash: md5
      md5: fe2ca25c20ad6338f17c2a420923258c.dir
      size: 118054560
      nfiles: 2
  training:
    cmd: python src/cnnClassifier/pipeline/stage_03_model_trainer.py
    deps:
    - path: artifacts/data_ingestion/Data
      hash: md5
      md5: 023519a46a87fa60e6cae098ef8bf522.dir
      size: 53567928
      nfiles: 540
    - path: artifacts/prepare_base_model
      hash: md5
      md5: fe2ca25c20ad6338f17c2a420923258c.dir
      size: 118054560
      nfiles: 2
    - path: config/config.yaml
      hash: md5
      md5: e0bd9edaeaf27be9e230ad435bf48835
      size: 585
    - path: src/cnnClassifier/pipeline/stage_03_model_trainer.py
      hash: md5
      md5: b2db9bdd2bef931e1a4f309be89a84ff
      size: 926
    params:
      params.yaml:
        AUGMENTATION: true
        BATCH_SIZE: 32
        EPOCHS: 3
        IMAGE_SIZE:
        - 224
        - 224
        - 3
    outs:
    - path: artifacts/training/model.h5
      hash: md5
      md5: acbd0231adb5d6483c67f1283c1992f7
      size: 59337520
  evaluation:
    cmd: python src/cnnClassifier/pipeline/stage_04_model_evaluation.py
    deps:
    - path: artifacts/data_ingestion/Data
      hash: md5
      md5: 023519a46a87fa60e6cae098ef8bf522.dir
      size: 53567928
      nfiles: 540
    - path: artifacts/training/model.h5
      hash: md5
      md5: acbd0231adb5d6483c67f1283c1992f7
      size: 59337520
    - path: config/config.yaml
      hash: md5
      md5: e0bd9edaeaf27be9e230ad435bf48835
      size: 585
    - path: src/cnnClassifier/pipeline/stage_04_model_evaluation.py
      hash: md5
      md5: 0c7b325b8401e1de74738b1b3fb2d0d8
      size: 936
    params:
      params.yaml:
        BATCH_SIZE: 32
        IMAGE_SIZE:
        - 224
        - 224
        - 3
    outs:
    - path: scores.json
      hash: md5
      md5: f4e91bb81358e110f658de1c32bf868e
      size: 58
